
Microsoft Visual Studio Solution File, Format Version 12.00
# Visual Studio Version 16
VisualStudioVersion = 16.0.30413.136
MinimumVisualStudioVersion = 10.0.40219.1
Project("{FAE04EC0-301F-11D3-BF4B-00C04F79EFBC}") = "Books", "Books.csproj", "{EA44087B-39CA-4C97-83F6-52C02E42520B}"
EndProject
Global
	GlobalSection(SolutionConfigurationPlatforms) = preSolution
		Debug|Any CPU = Debug|Any CPU
		Release|Any CPU = Release|Any CPU
	EndGlobalSection
	GlobalSection(ProjectConfigurationPlatforms) = postSolution
		{EA44087B-39CA-4C97-83F6-52C02E42520B}.Debug|Any CPU.ActiveCfg = Debug|Any CPU
		{EA44087B-39CA-4C97-83F6-52C02E42520B}.Debug|Any CPU.Build.0 = Debug|Any CPU
		{EA44087B-39CA-4C97-83F6-52C02E42520B}.Release|Any CPU.ActiveCfg = Release|Any CPU
		{EA44087B-39CA-4C97-83F6-52C02E42520B}.Release|Any CPU.Build.0 = Release|Any CPU
	EndGlobalSection
	GlobalSection(SolutionProperties) = preSolution
		HideSolutionNode = FALSE
	EndGlobalSection
	GlobalSection(ExtensibilityGlobals) = postSolution
		SolutionGuid = {7243F343-8A6A-40F8-A0A0-603BFF7C38DF}
	EndGlobalSection
EndGlobal
